
Microsoft Visual Studio Solution File, Format Version 12.00
Project("{FAE04EC0-301F-11D3-BF4B-00C04F79EFBC}") = "FindSpeed", "FindSpeed\FindSpeed.csproj", "{C75D08DA-732E-4578-AB44-BB6753C268EA}"
EndProject
Project("{FAE04EC0-301F-11D3-BF4B-00C04F79EFBC}") = "FindSpeed.Tests", "FindSpeed.Tests\FindSpeed.Tests.csproj", "{2C810E3C-3C7C-40F1-911A-64C8F003F19F}"
EndProject
Global
	GlobalSection(SolutionConfigurationPlatforms) = preSolution
		Debug|Any CPU = Debug|Any CPU
		Release|Any CPU = Release|Any CPU
	EndGlobalSection
	GlobalSection(ProjectConfigurationPlatforms) = postSolution
		{C75D08DA-732E-4578-AB44-BB6753C268EA}.Debug|Any CPU.ActiveCfg = Debug|Any CPU
		{C75D08DA-732E-4578-AB44-BB6753C268EA}.Debug|Any CPU.Build.0 = Debug|Any CPU
		{C75D08DA-732E-4578-AB44-BB6753C268EA}.Release|Any CPU.ActiveCfg = Release|Any CPU
		{C75D08DA-732E-4578-AB44-BB6753C268EA}.Release|Any CPU.Build.0 = Release|Any CPU
		{2C810E3C-3C7C-40F1-911A-64C8F003F19F}.Debug|Any CPU.ActiveCfg = Debug|Any CPU
		{2C810E3C-3C7C-40F1-911A-64C8F003F19F}.Debug|Any CPU.Build.0 = Debug|Any CPU
		{2C810E3C-3C7C-40F1-911A-64C8F003F19F}.Release|Any CPU.ActiveCfg = Release|Any CPU
		{2C810E3C-3C7C-40F1-911A-64C8F003F19F}.Release|Any CPU.Build.0 = Release|Any CPU
	EndGlobalSection
EndGlobal
